// !$*UTF8*$!
{
	archiveVersion = 1;
	classes = {
	};
	objectVersion = 50;
	objects = {

/* Begin PBXBuildFile section */
		270B2A8A255A41640070BF23 /* AppDelegate.m in Sources */ = {isa = PBXBuildFile; fileRef = 270B2A89255A41640070BF23 /* AppDelegate.m */; };
		270B2A8D255A41640070BF23 /* SceneDelegate.m in Sources */ = {isa = PBXBuildFile; fileRef = 270B2A8C255A41640070BF23 /* SceneDelegate.m */; };
		270B2A90255A41640070BF23 /* ViewController.m in Sources */ = {isa = PBXBuildFile; fileRef = 270B2A8F255A41640070BF23 /* ViewController.m */; };
		270B2A93255A41640070BF23 /* Main.storyboard in Resources */ = {isa = PBXBuildFile; fileRef = 270B2A91255A41640070BF23 /* Main.storyboard */; };
		270B2A95255A41660070BF23 /* Assets.xcassets in Resources */ = {isa = PBXBuildFile; fileRef = 270B2A94255A41660070BF23 /* Assets.xcassets */; };
		270B2A98255A41660070BF23 /* LaunchScreen.storyboard in Resources */ = {isa = PBXBuildFile; fileRef = 270B2A96255A41660070BF23 /* LaunchScreen.storyboard */; };
		270B2A9B255A41660070BF23 /* main.m in Sources */ = {isa = PBXBuildFile; fileRef = 270B2A9A255A41660070BF23 /* main.m */; };
		270B2AA5255A41660070BF23 /* MBHUDTests.m in Sources */ = {isa = PBXBuildFile; fileRef = 270B2AA4255A41660070BF23 /* MBHUDTests.m */; };
		270B2AB0255A41660070BF23 /* MBHUDUITests.m in Sources */ = {isa = PBXBuildFile; fileRef = 270B2AAF255A41660070BF23 /* MBHUDUITests.m */; };
/* End PBXBuildFile section */

/* Begin PBXContainerItemProxy section */
		270B2AA1255A41660070BF23 /* PBXContainerItemProxy */ = {
			isa = PBXContainerItemProxy;
			containerPortal = 270B2A7D255A41640070BF23 /* Project object */;
			proxyType = 1;
			remoteGlobalIDString = 270B2A84255A41640070BF23;
			remoteInfo = MBHUD;
		};
		270B2AAC255A41660070BF23 /* PBXContainerItemProxy */ = {
			isa = PBXContainerItemProxy;
			containerPortal = 270B2A7D255A41640070BF23 /* Project object */;
			proxyType = 1;
			remoteGlobalIDString = 270B2A84255A41640070BF23;
			remoteInfo = MBHUD;
		};
/* End PBXContainerItemProxy section */

/* Begin PBXFileReference section */
		270B2A85255A41640070BF23 /* MBHUD.app */ = {isa = PBXFileReference; explicitFileType = wrapper.application; includeInIndex = 0; path = MBHUD.app; sourceTree = BUILT_PRODUCTS_DIR; };
		270B2A88255A41640070BF23 /* AppDelegate.h */ = {isa = PBXFileReference; lastKnownFileType = sourcecode.c.h; path = AppDelegate.h; sourceTree = "<group>"; };
		270B2A89255A41640070BF23 /* AppDelegate.m */ = {isa = PBXFileReference; lastKnownFileType = sourcecode.c.objc; path = AppDelegate.m; sourceTree = "<group>"; };
		270B2A8B255A41640070BF23 /* SceneDelegate.h */ = {isa = PBXFileReference; lastKnownFileType = sourcecode.c.h; path = SceneDelegate.h; sourceTree = "<group>"; };
		270B2A8C255A41640070BF23 /* SceneDelegate.m */ = {isa = PBXFileReference; lastKnownFileType = sourcecode.c.objc; path = SceneDelegate.m; sourceTree = "<group>"; };
		270B2A8E255A41640070BF23 /* ViewController.h */ = {isa = PBXFileReference; lastKnownFileType = sourcecode.c.h; path = ViewController.h; sourceTree = "<group>"; };
		270B2A8F255A41640070BF23 /* ViewController.m */ = {isa = PBXFileReference; lastKnownFileType = sourcecode.c.objc; path = ViewController.m; sourceTree = "<group>"; };
		270B2A92255A41640070BF23 /* Base */ = {isa = PBXFileReference; lastKnownFileType = file.storyboard; name = Base; path = Base.lproj/Main.storyboard; sourceTree = "<group>"; };
		270B2A94255A41660070BF23 /* Assets.xcassets */ = {isa = PBXFileReference; lastKnownFileType = folder.assetcatalog; path = Assets.xcassets; sourceTree = "<group>"; };
		270B2A97255A41660070BF23 /* Base */ = {isa = PBXFileReference; lastKnownFileType = file.storyboard; name = Base; path = Base.lproj/LaunchScreen.storyboard; sourceTree = "<group>"; };
		270B2A99255A41660070BF23 /* Info.plist */ = {isa = PBXFileReference; lastKnownFileType = text.plist.xml; path = Info.plist; sourceTree = "<group>"; };
		270B2A9A255A41660070BF23 /* main.m */ = {isa = PBXFileReference; lastKnownFileType = sourcecode.c.objc; path = main.m; sourceTree = "<group>"; };
		270B2AA0255A41660070BF23 /* MBHUDTests.xctest */ = {isa = PBXFileReference; explicitFileType = wrapper.cfbundle; includeInIndex = 0; path = MBHUDTests.xctest; sourceTree = BUILT_PRODUCTS_DIR; };
		270B2AA4255A41660070BF23 /* MBHUDTests.m */ = {isa = PBXFileReference; lastKnownFileType = sourcecode.c.objc; path = MBHUDTests.m; sourceTree = "<group>"; };
		270B2AA6255A41660070BF23 /* Info.plist */ = {isa = PBXFileReference; lastKnownFileType = text.plist.xml; path = Info.plist; sourceTree = "<group>"; };
		270B2AAB255A41660070BF23 /* MBHUDUITests.xctest */ = {isa = PBXFileReference; explicitFileType = wrapper.cfbundle; includeInIndex = 0; path = MBHUDUITests.xctest; sourceTree = BUILT_PRODUCTS_DIR; };
		270B2AAF255A41660070BF23 /* MBHUDUITests.m */ = {isa = PBXFileReference; lastKnownFileType = sourcecode.c.objc; path = MBHUDUITests.m; sourceTree = "<group>"; };
		270B2AB1255A41660070BF23 /* Info.plist */ = {isa = PBXFileReference; lastKnownFileType = text.plist.xml; path = Info.plist; sourceTree = "<group>"; };
/* End PBXFileReference section */

/* Begin PBXFrameworksBuildPhase section */
		270B2A82255A41640070BF23 /* Frameworks */ = {
			isa = PBXFrameworksBuildPhase;
			buildActionMask = 2147483647;
			files = (
			);
			runOnlyForDeploymentPostprocessing = 0;
		};
		270B2A9D255A41660070BF23 /* Frameworks */ = {
			isa = PBXFrameworksBuildPhase;
			buildActionMask = 2147483647;
			files = (
			);
			runOnlyForDeploymentPostprocessing = 0;
		};
		270B2AA8255A41660070BF23 /* Frameworks */ = {
			isa = PBXFrameworksBuildPhase;
			buildActionMask = 2147483647;
			files = (
			);
			runOnlyForDeploymentPostprocessing = 0;
		};
/* End PBXFrameworksBuildPhase section */

/* Begin PBXGroup section */
		270B2A7C255A41640070BF23 = {
			isa = PBXGroup;
			children = (
				270B2A87255A41640070BF23 /* MBHUD */,
				270B2AA3255A41660070BF23 /* MBHUDTests */,
				270B2AAE255A41660070BF23 /* MBHUDUITests */,
				270B2A86255A41640070BF23 /* Products */,
			);
			sourceTree = "<group>";
		};
		270B2A86255A41640070BF23 /* Products */ = {
			isa = PBXGroup;
			children = (
				270B2A85255A41640070BF23 /* MBHUD.app */,
				270B2AA0255A41660070BF23 /* MBHUDTests.xctest */,
				270B2AAB255A41660070BF23 /* MBHUDUITests.xctest */,
			);
			name = Products;
			sourceTree = "<group>";
		};
		270B2A87255A41640070BF23 /* MBHUD */ = {
			isa = PBXGroup;
			children = (
				270B2A88255A41640070BF23 /* AppDelegate.h */,
				270B2A89255A41640070BF23 /* AppDelegate.m */,
				270B2A8B255A41640070BF23 /* SceneDelegate.h */,
				270B2A8C255A41640070BF23 /* SceneDelegate.m */,
				270B2A8E255A41640070BF23 /* ViewController.h */,
				270B2A8F255A41640070BF23 /* ViewController.m */,
				270B2A91255A41640070BF23 /* Main.storyboard */,
				270B2A94255A41660070BF23 /* Assets.xcassets */,
				270B2A96255A41660070BF23 /* LaunchScreen.storyboard */,
				270B2A99255A41660070BF23 /* Info.plist */,
				270B2A9A255A41660070BF23 /* main.m */,
			);
			path = MBHUD;
			sourceTree = "<group>";
		};
		270B2AA3255A41660070BF23 /* MBHUDTests */ = {
			isa = PBXGroup;
			children = (
				270B2AA4255A41660070BF23 /* MBHUDTests.m */,
				270B2AA6255A41660070BF23 /* Info.plist */,
			);
			path = MBHUDTests;
			sourceTree = "<group>";
		};
		270B2AAE255A41660070BF23 /* MBHUDUITests */ = {
			isa = PBXGroup;
			children = (
				270B2AAF255A41660070BF23 /* MBHUDUITests.m */,
				270B2AB1255A41660070BF23 /* Info.plist */,
			);
			path = MBHUDUITests;
			sourceTree = "<group>";
		};
/* End PBXGroup section */

/* Begin PBXNativeTarget section */
		270B2A84255A41640070BF23 /* MBHUD */ = {
			isa = PBXNativeTarget;
			buildConfigurationList = 270B2AB4255A41660070BF23 /* Build configuration list for PBXNativeTarget "MBHUD" */;
			buildPhases = (
				270B2A81255A41640070BF23 /* Sources */,
				270B2A82255A41640070BF23 /* Frameworks */,
				270B2A83255A41640070BF23 /* Resources */,
			);
			buildRules = (
			);
			dependencies = (
			);
			name = MBHUD;
			productName = MBHUD;
			productReference = 270B2A85255A41640070BF23 /* MBHUD.app */;
			productType = "com.apple.product-type.application";
		};
		270B2A9F255A41660070BF23 /* MBHUDTests */ = {
			isa = PBXNativeTarget;
			buildConfigurationList = 270B2AB7255A41660070BF23 /* Build configuration list for PBXNativeTarget "MBHUDTests" */;
			buildPhases = (
				270B2A9C255A41660070BF23 /* Sources */,
				270B2A9D255A41660070BF23 /* Frameworks */,
				270B2A9E255A41660070BF23 /* Resources */,
			);
			buildRules = (
			);
			dependencies = (
				270B2AA2255A41660070BF23 /* PBXTargetDependency */,
			);
			name = MBHUDTests;
			productName = MBHUDTests;
			productReference = 270B2AA0255A41660070BF23 /* MBHUDTests.xctest */;
			productType = "com.apple.product-type.bundle.unit-test";
		};
		270B2AAA255A41660070BF23 /* MBHUDUITests */ = {
			isa = PBXNativeTarget;
			buildConfigurationList = 270B2ABA255A41660070BF23 /* Build configuration list for PBXNativeTarget "MBHUDUITests" */;
			buildPhases = (
				270B2AA7255A41660070BF23 /* Sources */,
				270B2AA8255A41660070BF23 /* Frameworks */,
				270B2AA9255A41660070BF23 /* Resources */,
			);
			buildRules = (
			);
			dependencies = (
				270B2AAD255A41660070BF23 /* PBXTargetDependency */,
			);
			name = MBHUDUITests;
			productName = MBHUDUITests;
			productReference = 270B2AAB255A41660070BF23 /* MBHUDUITests.xctest */;
			productType = "com.apple.product-type.bundle.ui-testing";
		};
/* End PBXNativeTarget section */

/* Begin PBXProject section */
		270B2A7D255A41640070BF23 /* Project object */ = {
			isa = PBXProject;
			attributes = {
				LastUpgradeCheck = 1210;
				TargetAttributes = {
					270B2A84255A41640070BF23 = {
						CreatedOnToolsVersion = 12.1;
					};
					270B2A9F255A41660070BF23 = {
						CreatedOnToolsVersion = 12.1;
						TestTargetID = 270B2A84255A41640070BF23;
					};
					270B2AAA255A41660070BF23 = {
						CreatedOnToolsVersion = 12.1;
						TestTargetID = 270B2A84255A41640070BF23;
					};
				};
			};
			buildConfigurationList = 270B2A80255A41640070BF23 /* Build configuration list for PBXProject "MBHUD" */;
			compatibilityVersion = "Xcode 9.3";
			developmentRegion = en;
			hasScannedForEncodings = 0;
			knownRegions = (
				en,
				Base,
			);
			mainGroup = 270B2A7C255A41640070BF23;
			productRefGroup = 270B2A86255A41640070BF23 /* Products */;
			projectDirPath = "";
			projectRoot = "";
			targets = (
				270B2A84255A41640070BF23 /* MBHUD */,
				270B2A9F255A41660070BF23 /* MBHUDTests */,
				270B2AAA255A41660070BF23 /* MBHUDUITests */,
			);
		};
/* End PBXProject section */

/* Begin PBXResourcesBuildPhase section */
		270B2A83255A41640070BF23 /* Resources */ = {
			isa = PBXResourcesBuildPhase;
			buildActionMask = 2147483647;
			files = (
				270B2A98255A41660070BF23 /* LaunchScreen.storyboard in Resources */,
				270B2A95255A41660070BF23 /* Assets.xcassets in Resources */,
				270B2A93255A41640070BF23 /* Main.storyboard in Resources */,
			);
			runOnlyForDeploymentPostprocessing = 0;
		};
		270B2A9E255A41660070BF23 /* Resources */ = {
			isa = PBXResourcesBuildPhase;
			buildActionMask = 2147483647;
			files = (
			);
			runOnlyForDeploymentPostprocessing = 0;
		};
		270B2AA9255A41660070BF23 /* Resources */ = {
			isa = PBXResourcesBuildPhase;
			buildActionMask = 2147483647;
			files = (
			);
			runOnlyForDeploymentPostprocessing = 0;
		};
/* End PBXResourcesBuildPhase section */

/* Begin PBXSourcesBuildPhase section */
		270B2A81255A41640070BF23 /* Sources */ = {
			isa = PBXSourcesBuildPhase;
			buildActionMask = 2147483647;
			files = (
				270B2A90255A41640070BF23 /* ViewController.m in Sources */,
				270B2A8A255A41640070BF23 /* AppDelegate.m in Sources */,
				270B2A9B255A41660070BF23 /* main.m in Sources */,
				270B2A8D255A41640070BF23 /* SceneDelegate.m in Sources */,
			);
			runOnlyForDeploymentPostprocessing = 0;
		};
		270B2A9C255A41660070BF23 /* Sources */ = {
			isa = PBXSourcesBuildPhase;
			buildActionMask = 2147483647;
			files = (
				270B2AA5255A41660070BF23 /* MBHUDTests.m in Sources */,
			);
			runOnlyForDeploymentPostprocessing = 0;
		};
		270B2AA7255A41660070BF23 /* Sources */ = {
			isa = PBXSourcesBuildPhase;
			buildActionMask = 2147483647;
			files = (
				270B2AB0255A41660070BF23 /* MBHUDUITests.m in Sources */,
			);
			runOnlyForDeploymentPostprocessing = 0;
		};
/* End PBXSourcesBuildPhase section */

/* Begin PBXTargetDependency section */
		270B2AA2255A41660070BF23 /* PBXTargetDependency */ = {
			isa = PBXTargetDependency;
			target = 270B2A84255A41640070BF23 /* MBHUD */;
			targetProxy = 270B2AA1255A41660070BF23 /* PBXContainerItemProxy */;
		};
		270B2AAD255A41660070BF23 /* PBXTargetDependency */ = {
			isa = PBXTargetDependency;
			target = 270B2A84255A41640070BF23 /* MBHUD */;
			targetProxy = 270B2AAC255A41660070BF23 /* PBXContainerItemProxy */;
		};
/* End PBXTargetDependency section */

/* Begin PBXVariantGroup section */
		270B2A91255A41640070BF23 /* Main.storyboard */ = {
			isa = PBXVariantGroup;
			children = (
				270B2A92255A41640070BF23 /* Base */,
			);
			name = Main.storyboard;
			sourceTree = "<group>";
		};
		270B2A96255A41660070BF23 /* LaunchScreen.storyboard */ = {
			isa = PBXVariantGroup;
			children = (
				270B2A97255A41660070BF23 /* Base */,
			);
			name = LaunchScreen.storyboard;
			sourceTree = "<group>";
		};
/* End PBXVariantGroup section */

/* Begin XCBuildConfiguration section */
		270B2AB2255A41660070BF23 /* Debug */ = {
			isa = XCBuildConfiguration;
			buildSettings = {
				ALWAYS_SEARCH_USER_PATHS = NO;
				CLANG_ANALYZER_NONNULL = YES;
				CLANG_ANALYZER_NUMBER_OBJECT_CONVERSION = YES_AGGRESSIVE;
				CLANG_CXX_LANGUAGE_STANDARD = "gnu++14";
				CLANG_CXX_LIBRARY = "libc++";
				CLANG_ENABLE_MODULES = YES;
				CLANG_ENABLE_OBJC_ARC = YES;
				CLANG_ENABLE_OBJC_WEAK = YES;
				CLANG_WARN_BLOCK_CAPTURE_AUTORELEASING = YES;
				CLANG_WARN_BOOL_CONVERSION = YES;
				CLANG_WARN_COMMA = YES;
				CLANG_WARN_CONSTANT_CONVERSION = YES;
				CLANG_WARN_DEPRECATED_OBJC_IMPLEMENTATIONS = YES;
				CLANG_WARN_DIRECT_OBJC_ISA_USAGE = YES_ERROR;
				CLANG_WARN_DOCUMENTATION_COMMENTS = YES;
				CLANG_WARN_EMPTY_BODY = YES;
				CLANG_WARN_ENUM_CONVERSION = YES;
				CLANG_WARN_INFINITE_RECURSION = YES;
				CLANG_WARN_INT_CONVERSION = YES;
				CLANG_WARN_NON_LITERAL_NULL_CONVERSION = YES;
				CLANG_WARN_OBJC_IMPLICIT_RETAIN_SELF = YES;
				CLANG_WARN_OBJC_LITERAL_CONVERSION = YES;
				CLANG_WARN_OBJC_ROOT_CLASS = YES_ERROR;
				CLANG_WARN_QUOTED_INCLUDE_IN_FRAMEWORK_HEADER = YES;
				CLANG_WARN_RANGE_LOOP_ANALYSIS = YES;
				CLANG_WARN_STRICT_PROTOTYPES = YES;
				CLANG_WARN_SUSPICIOUS_MOVE = YES;
				CLANG_WARN_UNGUARDED_AVAILABILITY = YES_AGGRESSIVE;
				CLANG_WARN_UNREACHABLE_CODE = YES;
				CLANG_WARN__DUPLICATE_METHOD_MATCH = YES;
				COPY_PHASE_STRIP = NO;
				DEBUG_INFORMATION_FORMAT = dwarf;
				ENABLE_STRICT_OBJC_MSGSEND = YES;
				ENABLE_TESTABILITY = YES;
				GCC_C_LANGUAGE_STANDARD = gnu11;
				GCC_DYNAMIC_NO_PIC = NO;
				GCC_NO_COMMON_BLOCKS = YES;
				GCC_OPTIMIZATION_LEVEL = 0;
				GCC_PREPROCESSOR_DEFINITIONS = (
					"DEBUG=1",
					"$(inherited)",
				);
				GCC_WARN_64_TO_32_BIT_CONVERSION = YES;
				GCC_WARN_ABOUT_RETURN_TYPE = YES_ERROR;
				GCC_WARN_UNDECLARED_SELECTOR = YES;
				GCC_WARN_UNINITIALIZED_AUTOS = YES_AGGRESSIVE;
				GCC_WARN_UNUSED_FUNCTION = YES;
				GCC_WARN_UNUSED_VARIABLE = YES;
				IPHONEOS_DEPLOYMENT_TARGET = 14.1;
				MTL_ENABLE_DEBUG_INFO = INCLUDE_SOURCE;
				MTL_FAST_MATH = YES;
				ONLY_ACTIVE_ARCH = YES;
				SDKROOT = iphoneos;
			};
			name = Debug;
		};
		270B2AB3255A41660070BF23 /* Release */ = {
			isa = XCBuildConfiguration;
			buildSettings = {
				ALWAYS_SEARCH_USER_PATHS = NO;
				CLANG_ANALYZER_NONNULL = YES;
				CLANG_ANALYZER_NUMBER_OBJECT_CONVERSION = YES_AGGRESSIVE;
				CLANG_CXX_LANGUAGE_STANDARD = "gnu++14";
				CLANG_CXX_LIBRARY = "libc++";
				CLANG_ENABLE_MODULES = YES;
				CLANG_ENABLE_OBJC_ARC = YES;
				CLANG_ENABLE_OBJC_WEAK = YES;
				CLANG_WARN_BLOCK_CAPTURE_AUTORELEASING = YES;
				CLANG_WARN_BOOL_CONVERSION = YES;
				CLANG_WARN_COMMA = YES;
				CLANG_WARN_CONSTANT_CONVERSION = YES;
				CLANG_WARN_DEPRECATED_OBJC_IMPLEMENTATIONS = YES;
				CLANG_WARN_DIRECT_OBJC_ISA_USAGE = YES_ERROR;
				CLANG_WARN_DOCUMENTATION_COMMENTS = YES;
				CLANG_WARN_EMPTY_BODY = YES;
				CLANG_WARN_ENUM_CONVERSION = YES;
				CLANG_WARN_INFINITE_RECURSION = YES;
				CLANG_WARN_INT_CONVERSION = YES;
				CLANG_WARN_NON_LITERAL_NULL_CONVERSION = YES;
				CLANG_WARN_OBJC_IMPLICIT_RETAIN_SELF = YES;
				CLANG_WARN_OBJC_LITERAL_CONVERSION = YES;
				CLANG_WARN_OBJC_ROOT_CLASS = YES_ERROR;
				CLANG_WARN_QUOTED_INCLUDE_IN_FRAMEWORK_HEADER = YES;
				CLANG_WARN_RANGE_LOOP_ANALYSIS = YES;
				CLANG_WARN_STRICT_PROTOTYPES = YES;
				CLANG_WARN_SUSPICIOUS_MOVE = YES;
				CLANG_WARN_UNGUARDED_AVAILABILITY = YES_AGGRESSIVE;
				CLANG_WARN_UNREACHABLE_CODE = YES;
				CLANG_WARN__DUPLICATE_METHOD_MATCH = YES;
				COPY_PHASE_STRIP = NO;
				DEBUG_INFORMATION_FORMAT = "dwarf-with-dsym";
				ENABLE_NS_ASSERTIONS = NO;
				ENABLE_STRICT_OBJC_MSGSEND = YES;
				GCC_C_LANGUAGE_STANDARD = gnu11;
				GCC_NO_COMMON_BLOCKS = YES;
				GCC_WARN_64_TO_32_BIT_CONVERSION = YES;
				GCC_WARN_ABOUT_RETURN_TYPE = YES_ERROR;
				GCC_WARN_UNDECLARED_SELECTOR = YES;
				GCC_WARN_UNINITIALIZED_AUTOS = YES_AGGRESSIVE;
				GCC_WARN_UNUSED_FUNCTION = YES;
				GCC_WARN_UNUSED_VARIABLE = YES;
				IPHONEOS_DEPLOYMENT_TARGET = 14.1;
				MTL_ENABLE_DEBUG_INFO = NO;
				MTL_FAST_MATH = YES;
				SDKROOT = iphoneos;
				VALIDATE_PRODUCT = YES;
			};
			name = Release;
		};
		270B2AB5255A41660070BF23 /* Debug */ = {
			isa = XCBuildConfiguration;
			buildSettings = {
				ASSETCATALOG_COMPILER_APPICON_NAME = AppIcon;
				ASSETCATALOG_COMPILER_GLOBAL_ACCENT_COLOR_NAME = AccentColor;
				CODE_SIGN_STYLE = Automatic;
				DEVELOPMENT_TEAM = MLJA65Q2JF;
				INFOPLIST_FILE = MBHUD/Info.plist;
				LD_RUNPATH_SEARCH_PATHS = (
					"$(inherited)",
					"@executable_path/Frameworks",
				);
				PRODUCT_BUNDLE_IDENTIFIER = huangxin.MBHUD;
				PRODUCT_NAME = "$(TARGET_NAME)";
				TARGETED_DEVICE_FAMILY = "1,2";
			};
			name = Debug;
		};
		270B2AB6255A41660070BF23 /* Release */ = {
			isa = XCBuildConfiguration;
			buildSettings = {
				ASSETCATALOG_COMPILER_APPICON_NAME = AppIcon;
				ASSETCATALOG_COMPILER_GLOBAL_ACCENT_COLOR_NAME = AccentColor;
				CODE_SIGN_STYLE = Automatic;
				DEVELOPMENT_TEAM = MLJA65Q2JF;
				INFOPLIST_FILE = MBHUD/Info.plist;
				LD_RUNPATH_SEARCH_PATHS = (
					"$(inherited)",
					"@executable_path/Frameworks",
				);
				PRODUCT_BUNDLE_IDENTIFIER = huangxin.MBHUD;
				PRODUCT_NAME = "$(TARGET_NAME)";
				TARGETED_DEVICE_FAMILY = "1,2";
			};
			name = Release;
		};
		270B2AB8255A41660070BF23 /* Debug */ = {
			isa = XCBuildConfiguration;
			buildSettings = {
				BUNDLE_LOADER = "$(TEST_HOST)";
				CODE_SIGN_STYLE = Automatic;
				DEVELOPMENT_TEAM = MLJA65Q2JF;
				INFOPLIST_FILE = MBHUDTests/Info.plist;
				IPHONEOS_DEPLOYMENT_TARGET = 14.1;
				LD_RUNPATH_SEARCH_PATHS = (
					"$(inherited)",
					"@executable_path/Frameworks",
					"@loader_path/Frameworks",
				);
				PRODUCT_BUNDLE_IDENTIFIER = huangxin.MBHUDTests;
				PRODUCT_NAME = "$(TARGET_NAME)";
				TARGETED_DEVICE_FAMILY = "1,2";
				TEST_HOST = "$(BUILT_PRODUCTS_DIR)/MBHUD.app/MBHUD";
			};
			name = Debug;
		};
		270B2AB9255A41660070BF23 /* Release */ = {
			isa = XCBuildConfiguration;
			buildSettings = {
				BUNDLE_LOADER = "$(TEST_HOST)";
				CODE_SIGN_STYLE = Automatic;
				DEVELOPMENT_TEAM = MLJA65Q2JF;
				INFOPLIST_FILE = MBHUDTests/Info.plist;
				IPHONEOS_DEPLOYMENT_TARGET = 14.1;
				LD_RUNPATH_SEARCH_PATHS = (
					"$(inherited)",
					"@executable_path/Frameworks",
					"@loader_path/Frameworks",
				);
				PRODUCT_BUNDLE_IDENTIFIER = huangxin.MBHUDTests;
				PRODUCT_NAME = "$(TARGET_NAME)";
				TARGETED_DEVICE_FAMILY = "1,2";
				TEST_HOST = "$(BUILT_PRODUCTS_DIR)/MBHUD.app/MBHUD";
			};
			name = Release;
		};
		270B2ABB255A41660070BF23 /* Debug */ = {
			isa = XCBuildConfiguration;
			buildSettings = {
				CODE_SIGN_STYLE = Automatic;
				DEVELOPMENT_TEAM = MLJA65Q2JF;
				INFOPLIST_FILE = MBHUDUITests/Info.plist;
				LD_RUNPATH_SEARCH_PATHS = (
					"$(inherited)",
					"@executable_path/Frameworks",
					"@loader_path/Frameworks",
				);
				PRODUCT_BUNDLE_IDENTIFIER = huangxin.MBHUDUITests;
				PRODUCT_NAME = "$(TARGET_NAME)";
				TARGETED_DEVICE_FAMILY = "1,2";
				TEST_TARGET_NAME = MBHUD;
			};
			name = Debug;
		};
		270B2ABC255A41660070BF23 /* Release */ = {
			isa = XCBuildConfiguration;
			buildSettings = {
				CODE_SIGN_STYLE = Automatic;
				DEVELOPMENT_TEAM = MLJA65Q2JF;
				INFOPLIST_FILE = MBHUDUITests/Info.plist;
				LD_RUNPATH_SEARCH_PATHS = (
					"$(inherited)",
					"@executable_path/Frameworks",
					"@loader_path/Frameworks",
				);
				PRODUCT_BUNDLE_IDENTIFIER = huangxin.MBHUDUITests;
				PRODUCT_NAME = "$(TARGET_NAME)";
				TARGETED_DEVICE_FAMILY = "1,2";
				TEST_TARGET_NAME = MBHUD;
			};
			name = Release;
		};
/* End XCBuildConfiguration section */

/* Begin XCConfigurationList section */
		270B2A80255A41640070BF23 /* Build configuration list for PBXProject "MBHUD" */ = {
			isa = XCConfigurationList;
			buildConfigurations = (
				270B2AB2255A41660070BF23 /* Debug */,
				270B2AB3255A41660070BF23 /* Release */,
			);
			defaultConfigurationIsVisible = 0;
			defaultConfigurationName = Release;
		};
		270B2AB4255A41660070BF23 /* Build configuration list for PBXNativeTarget "MBHUD" */ = {
			isa = XCConfigurationList;
			buildConfigurations = (
				270B2AB5255A41660070BF23 /* Debug */,
				270B2AB6255A41660070BF23 /* Release */,
			);
			defaultConfigurationIsVisible = 0;
			defaultConfigurationName = Release;
		};
		270B2AB7255A41660070BF23 /* Build configuration list for PBXNativeTarget "MBHUDTests" */ = {
			isa = XCConfigurationList;
			buildConfigurations = (
				270B2AB8255A41660070BF23 /* Debug */,
				270B2AB9255A41660070BF23 /* Release */,
			);
			defaultConfigurationIsVisible = 0;
			defaultConfigurationName = Release;
		};
		270B2ABA255A41660070BF23 /* Build configuration list for PBXNativeTarget "MBHUDUITests" */ = {
			isa = XCConfigurationList;
			buildConfigurations = (
				270B2ABB255A41660070BF23 /* Debug */,
				270B2ABC255A41660070BF23 /* Release */,
			);
			defaultConfigurationIsVisible = 0;
			defaultConfigurationName = Release;
		};
/* End XCConfigurationList section */
	};
	rootObject = 270B2A7D255A41640070BF23 /* Project object */;
}
